
Microsoft Visual Studio Solution File, Format Version 12.00
# Visual Studio Version 16
VisualStudioVersion = 16.0.29806.167
MinimumVisualStudioVersion = 10.0.40219.1
Project("{8BC9CEB8-8B4A-11D0-8D11-00A0C91BC942}") = "curlTest", "curlTest.vcxproj", "{BBBF811E-E8D0-4AB5-9E09-D55AA4CF25C4}"
EndProject
Global
	GlobalSection(SolutionConfigurationPlatforms) = preSolution
		Debug|x64 = Debug|x64
		Debug|x86 = Debug|x86
		Release|x64 = Release|x64
		Release|x86 = Release|x86
	EndGlobalSection
	GlobalSection(ProjectConfigurationPlatforms) = postSolution
		{BBBF811E-E8D0-4AB5-9E09-D55AA4CF25C4}.Debug|x64.ActiveCfg = Debug|x64
		{BBBF811E-E8D0-4AB5-9E09-D55AA4CF25C4}.Debug|x64.Build.0 = Debug|x64
		{BBBF811E-E8D0-4AB5-9E09-D55AA4CF25C4}.Debug|x86.ActiveCfg = Debug|Win32
		{BBBF811E-E8D0-4AB5-9E09-D55AA4CF25C4}.Debug|x86.Build.0 = Debug|Win32
		{BBBF811E-E8D0-4AB5-9E09-D55AA4CF25C4}.Release|x64.ActiveCfg = Release|x64
		{BBBF811E-E8D0-4AB5-9E09-D55AA4CF25C4}.Release|x64.Build.0 = Release|x64
		{BBBF811E-E8D0-4AB5-9E09-D55AA4CF25C4}.Release|x86.ActiveCfg = Release|Win32
		{BBBF811E-E8D0-4AB5-9E09-D55AA4CF25C4}.Release|x86.Build.0 = Release|Win32
	EndGlobalSection
	GlobalSection(SolutionProperties) = preSolution
		HideSolutionNode = FALSE
	EndGlobalSection
	GlobalSection(ExtensibilityGlobals) = postSolution
		SolutionGuid = {7DEA5168-8486-4C26-AEDD-8A620BC79EDE}
	EndGlobalSection
EndGlobal
